
Microsoft Visual Studio Solution File, Format Version 11.00
# Visual Studio Version 16
Project("{8BC9CEB8-8B4A-11D0-8D11-00A0C91BC942}") = "3d", "3d.vcxproj", "{AA1C4F0A-4BED-4F34-9FEC-F9258FDF93D7}"
EndProject
Project("{8BC9CEB8-8B4A-11D0-8D11-00A0C91BC942}") = "asyncio", "asyncio.vcxproj", "{43D39155-B465-4F90-884C-6D67042F5FA3}"
EndProject
Project("{8BC9CEB8-8B4A-11D0-8D11-00A0C91BC942}") = "channel_groups", "channel_groups.vcxproj", "{D782AE56-4E64-4BBF-B4DF-5D476D404741}"
EndProject
Project("{8BC9CEB8-8B4A-11D0-8D11-00A0C91BC942}") = "convolution_reverb", "convolution_reverb.vcxproj", "{508BB169-CD7B-49B6-B74D-609EFB46868A}"
EndProject
Project("{8BC9CEB8-8B4A-11D0-8D11-00A0C91BC942}") = "dsp_custom", "dsp_custom.vcxproj", "{B345191C-E404-4C86-AAE2-9207C2D7BE3C}"
EndProject
Project("{8BC9CEB8-8B4A-11D0-8D11-00A0C91BC942}") = "dsp_effect_per_speaker", "dsp_effect_per_speaker.vcxproj", "{183D8225-E437-4CC6-A08D-398BA2CCDEF2}"
EndProject
Project("{8BC9CEB8-8B4A-11D0-8D11-00A0C91BC942}") = "dsp_inspector", "dsp_inspector.vcxproj", "{731B4F8B-5005-48FA-9D81-7DA3EADE536B}"
EndProject
Project("{8BC9CEB8-8B4A-11D0-8D11-00A0C91BC942}") = "effects", "effects.vcxproj", "{611C8490-9412-4A2A-89B8-F9E513795E1E}"
EndProject
Project("{8BC9CEB8-8B4A-11D0-8D11-00A0C91BC942}") = "gapless_playback", "gapless_playback.vcxproj", "{E736E6B9-3CF1-4FFB-9054-57873C199BDF}"
EndProject
Project("{8BC9CEB8-8B4A-11D0-8D11-00A0C91BC942}") = "generate_tone", "generate_tone.vcxproj", "{53ABBEF5-24C9-4BAA-A9F4-A0CBF877A0BA}"
EndProject
Project("{8BC9CEB8-8B4A-11D0-8D11-00A0C91BC942}") = "granular_synth", "granular_synth.vcxproj", "{4872FE80-47B2-4EA6-B192-41EC012879EF}"
EndProject
Project("{8BC9CEB8-8B4A-11D0-8D11-00A0C91BC942}") = "load_from_memory", "load_from_memory.vcxproj", "{5E242E37-9255-4C4E-90B4-44212369EF11}"
EndProject
Project("{8BC9CEB8-8B4A-11D0-8D11-00A0C91BC942}") = "multiple_speaker", "multiple_speaker.vcxproj", "{31BBDF1F-803B-41A3-96AA-8E7D6FE23AD4}"
EndProject
Project("{8BC9CEB8-8B4A-11D0-8D11-00A0C91BC942}") = "multiple_system", "multiple_system.vcxproj", "{5F662312-F0DE-445E-A1E9-36FE460EF013}"
EndProject
Project("{8BC9CEB8-8B4A-11D0-8D11-00A0C91BC942}") = "net_stream", "net_stream.vcxproj", "{9E26EA05-222B-4B32-9A24-E93124525EDF}"
EndProject
Project("{8BC9CEB8-8B4A-11D0-8D11-00A0C91BC942}") = "play_sound", "play_sound.vcxproj", "{A18AF9DF-714C-4141-A0C4-1D04A0A6BF23}"
EndProject
Project("{8BC9CEB8-8B4A-11D0-8D11-00A0C91BC942}") = "play_stream", "play_stream.vcxproj", "{509963EC-F8D4-4397-BCC6-D5DC0C534615}"
EndProject
Project("{8BC9CEB8-8B4A-11D0-8D11-00A0C91BC942}") = "record", "record.vcxproj", "{45B270ED-2255-43E5-BE9A-C73F464308C5}"
EndProject
Project("{8BC9CEB8-8B4A-11D0-8D11-00A0C91BC942}") = "record_enumeration", "record_enumeration.vcxproj", "{C1604A1E-531D-45E6-8FBD-FEBEB2DB9F72}"
EndProject
Project("{8BC9CEB8-8B4A-11D0-8D11-00A0C91BC942}") = "user_created_sound", "user_created_sound.vcxproj", "{FC4F6E9A-4AD4-4333-8867-DDA010F2802E}"
EndProject
Project("{8BC9CEB8-8B4A-11D0-8D11-00A0C91BC942}") = "fmod_codec_raw", "fmod_codec_raw.vcxproj", "{AF660F9F-01DB-44EF-BB86-6A1F71089871}"
EndProject
Project("{8BC9CEB8-8B4A-11D0-8D11-00A0C91BC942}") = "fmod_distance_filter", "fmod_distance_filter.vcxproj", "{119B1169-B56A-420B-88E2-BBF7FC38086A}"
EndProject
Project("{8BC9CEB8-8B4A-11D0-8D11-00A0C91BC942}") = "fmod_gain", "fmod_gain.vcxproj", "{1F3AB80B-8C13-40C9-A326-21D28C5E2F84}"
EndProject
Project("{8BC9CEB8-8B4A-11D0-8D11-00A0C91BC942}") = "fmod_noise", "fmod_noise.vcxproj", "{79276EC2-4D2C-40BE-B460-4FD604036A50}"
EndProject
Project("{8BC9CEB8-8B4A-11D0-8D11-00A0C91BC942}") = "fmod_rnbo", "fmod_rnbo.vcxproj", "{C31D62BA-C0D5-45C5-8C3C-84AF8AE2587E}"
EndProject
Project("{8BC9CEB8-8B4A-11D0-8D11-00A0C91BC942}") = "output_mp3", "output_mp3.vcxproj", "{1975EA5E-3B1F-4709-B4B0-269037AEB9B1}"
EndProject
Global
	GlobalSection(SolutionConfigurationPlatforms) = preSolution
		Debug|Win32 = Debug|Win32
		Debug|x64 = Debug|x64
		Debug|ARM64 = Debug|ARM64
		Release|Win32 = Release|Win32
		Release|x64 = Release|x64
		Release|ARM64 = Release|ARM64
	EndGlobalSection
	GlobalSection(ProjectConfigurationPlatforms) = postSolution
		{AA1C4F0A-4BED-4F34-9FEC-F9258FDF93D7}.Debug|Win32.ActiveCfg = Debug|Win32
		{AA1C4F0A-4BED-4F34-9FEC-F9258FDF93D7}.Debug|Win32.Build.0 = Debug|Win32
		{AA1C4F0A-4BED-4F34-9FEC-F9258FDF93D7}.Debug|Win32.Deploy.0 = Debug|Win32
		{AA1C4F0A-4BED-4F34-9FEC-F9258FDF93D7}.Debug|x64.ActiveCfg = Debug|x64
		{AA1C4F0A-4BED-4F34-9FEC-F9258FDF93D7}.Debug|x64.Build.0 = Debug|x64
		{AA1C4F0A-4BED-4F34-9FEC-F9258FDF93D7}.Debug|x64.Deploy.0 = Debug|x64
		{AA1C4F0A-4BED-4F34-9FEC-F9258FDF93D7}.Debug|ARM64.ActiveCfg = Debug|ARM64
		{AA1C4F0A-4BED-4F34-9FEC-F9258FDF93D7}.Debug|ARM64.Build.0 = Debug|ARM64
		{AA1C4F0A-4BED-4F34-9FEC-F9258FDF93D7}.Debug|ARM64.Deploy.0 = Debug|ARM64
		{AA1C4F0A-4BED-4F34-9FEC-F9258FDF93D7}.Release|Win32.ActiveCfg = Release|Win32
		{AA1C4F0A-4BED-4F34-9FEC-F9258FDF93D7}.Release|Win32.Build.0 = Release|Win32
		{AA1C4F0A-4BED-4F34-9FEC-F9258FDF93D7}.Release|Win32.Deploy.0 = Release|Win32
		{AA1C4F0A-4BED-4F34-9FEC-F9258FDF93D7}.Release|x64.ActiveCfg = Release|x64
		{AA1C4F0A-4BED-4F34-9FEC-F9258FDF93D7}.Release|x64.Build.0 = Release|x64
		{AA1C4F0A-4BED-4F34-9FEC-F9258FDF93D7}.Release|x64.Deploy.0 = Release|x64
		{AA1C4F0A-4BED-4F34-9FEC-F9258FDF93D7}.Release|ARM64.ActiveCfg = Release|ARM64
		{AA1C4F0A-4BED-4F34-9FEC-F9258FDF93D7}.Release|ARM64.Build.0 = Release|ARM64
		{AA1C4F0A-4BED-4F34-9FEC-F9258FDF93D7}.Release|ARM64.Deploy.0 = Release|ARM64
		{43D39155-B465-4F90-884C-6D67042F5FA3}.Debug|Win32.ActiveCfg = Debug|Win32
		{43D39155-B465-4F90-884C-6D67042F5FA3}.Debug|Win32.Build.0 = Debug|Win32
		{43D39155-B465-4F90-884C-6D67042F5FA3}.Debug|Win32.Deploy.0 = Debug|Win32
		{43D39155-B465-4F90-884C-6D67042F5FA3}.Debug|x64.ActiveCfg = Debug|x64
		{43D39155-B465-4F90-884C-6D67042F5FA3}.Debug|x64.Build.0 = Debug|x64
		{43D39155-B465-4F90-884C-6D67042F5FA3}.Debug|x64.Deploy.0 = Debug|x64
		{43D39155-B465-4F90-884C-6D67042F5FA3}.Debug|ARM64.ActiveCfg = Debug|ARM64
		{43D39155-B465-4F90-884C-6D67042F5FA3}.Debug|ARM64.Build.0 = Debug|ARM64
		{43D39155-B465-4F90-884C-6D67042F5FA3}.Debug|ARM64.Deploy.0 = Debug|ARM64
		{43D39155-B465-4F90-884C-6D67042F5FA3}.Release|Win32.ActiveCfg = Release|Win32
		{43D39155-B465-4F90-884C-6D67042F5FA3}.Release|Win32.Build.0 = Release|Win32
		{43D39155-B465-4F90-884C-6D67042F5FA3}.Release|Win32.Deploy.0 = Release|Win32
		{43D39155-B465-4F90-884C-6D67042F5FA3}.Release|x64.ActiveCfg = Release|x64
		{43D39155-B465-4F90-884C-6D67042F5FA3}.Release|x64.Build.0 = Release|x64
		{43D39155-B465-4F90-884C-6D67042F5FA3}.Release|x64.Deploy.0 = Release|x64
		{43D39155-B465-4F90-884C-6D67042F5FA3}.Release|ARM64.ActiveCfg = Release|ARM64
		{43D39155-B465-4F90-884C-6D67042F5FA3}.Release|ARM64.Build.0 = Release|ARM64
		{43D39155-B465-4F90-884C-6D67042F5FA3}.Release|ARM64.Deploy.0 = Release|ARM64
		{D782AE56-4E64-4BBF-B4DF-5D476D404741}.Debug|Win32.ActiveCfg = Debug|Win32
		{D782AE56-4E64-4BBF-B4DF-5D476D404741}.Debug|Win32.Build.0 = Debug|Win32
		{D782AE56-4E64-4BBF-B4DF-5D476D404741}.Debug|Win32.Deploy.0 = Debug|Win32
		{D782AE56-4E64-4BBF-B4DF-5D476D404741}.Debug|x64.ActiveCfg = Debug|x64
		{D782AE56-4E64-4BBF-B4DF-5D476D404741}.Debug|x64.Build.0 = Debug|x64
		{D782AE56-4E64-4BBF-B4DF-5D476D404741}.Debug|x64.Deploy.0 = Debug|x64
		{D782AE56-4E64-4BBF-B4DF-5D476D404741}.Debug|ARM64.ActiveCfg = Debug|ARM64
		{D782AE56-4E64-4BBF-B4DF-5D476D404741}.Debug|ARM64.Build.0 = Debug|ARM64
		{D782AE56-4E64-4BBF-B4DF-5D476D404741}.Debug|ARM64.Deploy.0 = Debug|ARM64
		{D782AE56-4E64-4BBF-B4DF-5D476D404741}.Release|Win32.ActiveCfg = Release|Win32
		{D782AE56-4E64-4BBF-B4DF-5D476D404741}.Release|Win32.Build.0 = Release|Win32
		{D782AE56-4E64-4BBF-B4DF-5D476D404741}.Release|Win32.Deploy.0 = Release|Win32
		{D782AE56-4E64-4BBF-B4DF-5D476D404741}.Release|x64.ActiveCfg = Release|x64
		{D782AE56-4E64-4BBF-B4DF-5D476D404741}.Release|x64.Build.0 = Release|x64
		{D782AE56-4E64-4BBF-B4DF-5D476D404741}.Release|x64.Deploy.0 = Release|x64
		{D782AE56-4E64-4BBF-B4DF-5D476D404741}.Release|ARM64.ActiveCfg = Release|ARM64
		{D782AE56-4E64-4BBF-B4DF-5D476D404741}.Release|ARM64.Build.0 = Release|ARM64
		{D782AE56-4E64-4BBF-B4DF-5D476D404741}.Release|ARM64.Deploy.0 = Release|ARM64
		{508BB169-CD7B-49B6-B74D-609EFB46868A}.Debug|Win32.ActiveCfg = Debug|Win32
		{508BB169-CD7B-49B6-B74D-609EFB46868A}.Debug|Win32.Build.0 = Debug|Win32
		{508BB169-CD7B-49B6-B74D-609EFB46868A}.Debug|Win32.Deploy.0 = Debug|Win32
		{508BB169-CD7B-49B6-B74D-609EFB46868A}.Debug|x64.ActiveCfg = Debug|x64
		{508BB169-CD7B-49B6-B74D-609EFB46868A}.Debug|x64.Build.0 = Debug|x64
		{508BB169-CD7B-49B6-B74D-609EFB46868A}.Debug|x64.Deploy.0 = Debug|x64
		{508BB169-CD7B-49B6-B74D-609EFB46868A}.Debug|ARM64.ActiveCfg = Debug|ARM64
		{508BB169-CD7B-49B6-B74D-609EFB46868A}.Debug|ARM64.Build.0 = Debug|ARM64
		{508BB169-CD7B-49B6-B74D-609EFB46868A}.Debug|ARM64.Deploy.0 = Debug|ARM64
		{508BB169-CD7B-49B6-B74D-609EFB46868A}.Release|Win32.ActiveCfg = Release|Win32
		{508BB169-CD7B-49B6-B74D-609EFB46868A}.Release|Win32.Build.0 = Release|Win32
		{508BB169-CD7B-49B6-B74D-609EFB46868A}.Release|Win32.Deploy.0 = Release|Win32
		{508BB169-CD7B-49B6-B74D-609EFB46868A}.Release|x64.ActiveCfg = Release|x64
		{508BB169-CD7B-49B6-B74D-609EFB46868A}.Release|x64.Build.0 = Release|x64
		{508BB169-CD7B-49B6-B74D-609EFB46868A}.Release|x64.Deploy.0 = Release|x64
		{508BB169-CD7B-49B6-B74D-609EFB46868A}.Release|ARM64.ActiveCfg = Release|ARM64
		{508BB169-CD7B-49B6-B74D-609EFB46868A}.Release|ARM64.Build.0 = Release|ARM64
		{508BB169-CD7B-49B6-B74D-609EFB46868A}.Release|ARM64.Deploy.0 = Release|ARM64
		{B345191C-E404-4C86-AAE2-9207C2D7BE3C}.Debug|Win32.ActiveCfg = Debug|Win32
		{B345191C-E404-4C86-AAE2-9207C2D7BE3C}.Debug|Win32.Build.0 = Debug|Win32
		{B345191C-E404-4C86-AAE2-9207C2D7BE3C}.Debug|Win32.Deploy.0 = Debug|Win32
		{B345191C-E404-4C86-AAE2-9207C2D7BE3C}.Debug|x64.ActiveCfg = Debug|x64
		{B345191C-E404-4C86-AAE2-9207C2D7BE3C}.Debug|x64.Build.0 = Debug|x64
		{B345191C-E404-4C86-AAE2-9207C2D7BE3C}.Debug|x64.Deploy.0 = Debug|x64
		{B345191C-E404-4C86-AAE2-9207C2D7BE3C}.Debug|ARM64.ActiveCfg = Debug|ARM64
		{B345191C-E404-4C86-AAE2-9207C2D7BE3C}.Debug|ARM64.Build.0 = Debug|ARM64
		{B345191C-E404-4C86-AAE2-9207C2D7BE3C}.Debug|ARM64.Deploy.0 = Debug|ARM64
		{B345191C-E404-4C86-AAE2-9207C2D7BE3C}.Release|Win32.ActiveCfg = Release|Win32
		{B345191C-E404-4C86-AAE2-9207C2D7BE3C}.Release|Win32.Build.0 = Release|Win32
		{B345191C-E404-4C86-AAE2-9207C2D7BE3C}.Release|Win32.Deploy.0 = Release|Win32
		{B345191C-E404-4C86-AAE2-9207C2D7BE3C}.Release|x64.ActiveCfg = Release|x64
		{B345191C-E404-4C86-AAE2-9207C2D7BE3C}.Release|x64.Build.0 = Release|x64
		{B345191C-E404-4C86-AAE2-9207C2D7BE3C}.Release|x64.Deploy.0 = Release|x64
		{B345191C-E404-4C86-AAE2-9207C2D7BE3C}.Release|ARM64.ActiveCfg = Release|ARM64
		{B345191C-E404-4C86-AAE2-9207C2D7BE3C}.Release|ARM64.Build.0 = Release|ARM64
		{B345191C-E404-4C86-AAE2-9207C2D7BE3C}.Release|ARM64.Deploy.0 = Release|ARM64
		{183D8225-E437-4CC6-A08D-398BA2CCDEF2}.Debug|Win32.ActiveCfg = Debug|Win32
		{183D8225-E437-4CC6-A08D-398BA2CCDEF2}.Debug|Win32.Build.0 = Debug|Win32
		{183D8225-E437-4CC6-A08D-398BA2CCDEF2}.Debug|Win32.Deploy.0 = Debug|Win32
		{183D8225-E437-4CC6-A08D-398BA2CCDEF2}.Debug|x64.ActiveCfg = Debug|x64
		{183D8225-E437-4CC6-A08D-398BA2CCDEF2}.Debug|x64.Build.0 = Debug|x64
		{183D8225-E437-4CC6-A08D-398BA2CCDEF2}.Debug|x64.Deploy.0 = Debug|x64
		{183D8225-E437-4CC6-A08D-398BA2CCDEF2}.Debug|ARM64.ActiveCfg = Debug|ARM64
		{183D8225-E437-4CC6-A08D-398BA2CCDEF2}.Debug|ARM64.Build.0 = Debug|ARM64
		{183D8225-E437-4CC6-A08D-398BA2CCDEF2}.Debug|ARM64.Deploy.0 = Debug|ARM64
		{183D8225-E437-4CC6-A08D-398BA2CCDEF2}.Release|Win32.ActiveCfg = Release|Win32
		{183D8225-E437-4CC6-A08D-398BA2CCDEF2}.Release|Win32.Build.0 = Release|Win32
		{183D8225-E437-4CC6-A08D-398BA2CCDEF2}.Release|Win32.Deploy.0 = Release|Win32
		{183D8225-E437-4CC6-A08D-398BA2CCDEF2}.Release|x64.ActiveCfg = Release|x64
		{183D8225-E437-4CC6-A08D-398BA2CCDEF2}.Release|x64.Build.0 = Release|x64
		{183D8225-E437-4CC6-A08D-398BA2CCDEF2}.Release|x64.Deploy.0 = Release|x64
		{183D8225-E437-4CC6-A08D-398BA2CCDEF2}.Release|ARM64.ActiveCfg = Release|ARM64
		{183D8225-E437-4CC6-A08D-398BA2CCDEF2}.Release|ARM64.Build.0 = Release|ARM64
		{183D8225-E437-4CC6-A08D-398BA2CCDEF2}.Release|ARM64.Deploy.0 = Release|ARM64
		{731B4F8B-5005-48FA-9D81-7DA3EADE536B}.Debug|Win32.ActiveCfg = Debug|Win32
		{731B4F8B-5005-48FA-9D81-7DA3EADE536B}.Debug|Win32.Build.0 = Debug|Win32
		{731B4F8B-5005-48FA-9D81-7DA3EADE536B}.Debug|Win32.Deploy.0 = Debug|Win32
		{731B4F8B-5005-48FA-9D81-7DA3EADE536B}.Debug|x64.ActiveCfg = Debug|x64
		{731B4F8B-5005-48FA-9D81-7DA3EADE536B}.Debug|x64.Build.0 = Debug|x64
		{731B4F8B-5005-48FA-9D81-7DA3EADE536B}.Debug|x64.Deploy.0 = Debug|x64
		{731B4F8B-5005-48FA-9D81-7DA3EADE536B}.Debug|ARM64.ActiveCfg = Debug|ARM64
		{731B4F8B-5005-48FA-9D81-7DA3EADE536B}.Debug|ARM64.Build.0 = Debug|ARM64
		{731B4F8B-5005-48FA-9D81-7DA3EADE536B}.Debug|ARM64.Deploy.0 = Debug|ARM64
		{731B4F8B-5005-48FA-9D81-7DA3EADE536B}.Release|Win32.ActiveCfg = Release|Win32
		{731B4F8B-5005-48FA-9D81-7DA3EADE536B}.Release|Win32.Build.0 = Release|Win32
		{731B4F8B-5005-48FA-9D81-7DA3EADE536B}.Release|Win32.Deploy.0 = Release|Win32
		{731B4F8B-5005-48FA-9D81-7DA3EADE536B}.Release|x64.ActiveCfg = Release|x64
		{731B4F8B-5005-48FA-9D81-7DA3EADE536B}.Release|x64.Build.0 = Release|x64
		{731B4F8B-5005-48FA-9D81-7DA3EADE536B}.Release|x64.Deploy.0 = Release|x64
		{731B4F8B-5005-48FA-9D81-7DA3EADE536B}.Release|ARM64.ActiveCfg = Release|ARM64
		{731B4F8B-5005-48FA-9D81-7DA3EADE536B}.Release|ARM64.Build.0 = Release|ARM64
		{731B4F8B-5005-48FA-9D81-7DA3EADE536B}.Release|ARM64.Deploy.0 = Release|ARM64
		{611C8490-9412-4A2A-89B8-F9E513795E1E}.Debug|Win32.ActiveCfg = Debug|Win32
		{611C8490-9412-4A2A-89B8-F9E513795E1E}.Debug|Win32.Build.0 = Debug|Win32
		{611C8490-9412-4A2A-89B8-F9E513795E1E}.Debug|Win32.Deploy.0 = Debug|Win32
		{611C8490-9412-4A2A-89B8-F9E513795E1E}.Debug|x64.ActiveCfg = Debug|x64
		{611C8490-9412-4A2A-89B8-F9E513795E1E}.Debug|x64.Build.0 = Debug|x64
		{611C8490-9412-4A2A-89B8-F9E513795E1E}.Debug|x64.Deploy.0 = Debug|x64
		{611C8490-9412-4A2A-89B8-F9E513795E1E}.Debug|ARM64.ActiveCfg = Debug|ARM64
		{611C8490-9412-4A2A-89B8-F9E513795E1E}.Debug|ARM64.Build.0 = Debug|ARM64
		{611C8490-9412-4A2A-89B8-F9E513795E1E}.Debug|ARM64.Deploy.0 = Debug|ARM64
		{611C8490-9412-4A2A-89B8-F9E513795E1E}.Release|Win32.ActiveCfg = Release|Win32
		{611C8490-9412-4A2A-89B8-F9E513795E1E}.Release|Win32.Build.0 = Release|Win32
		{611C8490-9412-4A2A-89B8-F9E513795E1E}.Release|Win32.Deploy.0 = Release|Win32
		{611C8490-9412-4A2A-89B8-F9E513795E1E}.Release|x64.ActiveCfg = Release|x64
		{611C8490-9412-4A2A-89B8-F9E513795E1E}.Release|x64.Build.0 = Release|x64
		{611C8490-9412-4A2A-89B8-F9E513795E1E}.Release|x64.Deploy.0 = Release|x64
		{611C8490-9412-4A2A-89B8-F9E513795E1E}.Release|ARM64.ActiveCfg = Release|ARM64
		{611C8490-9412-4A2A-89B8-F9E513795E1E}.Release|ARM64.Build.0 = Release|ARM64
		{611C8490-9412-4A2A-89B8-F9E513795E1E}.Release|ARM64.Deploy.0 = Release|ARM64
		{E736E6B9-3CF1-4FFB-9054-57873C199BDF}.Debug|Win32.ActiveCfg = Debug|Win32
		{E736E6B9-3CF1-4FFB-9054-57873C199BDF}.Debug|Win32.Build.0 = Debug|Win32
		{E736E6B9-3CF1-4FFB-9054-57873C199BDF}.Debug|Win32.Deploy.0 = Debug|Win32
		{E736E6B9-3CF1-4FFB-9054-57873C199BDF}.Debug|x64.ActiveCfg = Debug|x64
		{E736E6B9-3CF1-4FFB-9054-57873C199BDF}.Debug|x64.Build.0 = Debug|x64
		{E736E6B9-3CF1-4FFB-9054-57873C199BDF}.Debug|x64.Deploy.0 = Debug|x64
		{E736E6B9-3CF1-4FFB-9054-57873C199BDF}.Debug|ARM64.ActiveCfg = Debug|ARM64
		{E736E6B9-3CF1-4FFB-9054-57873C199BDF}.Debug|ARM64.Build.0 = Debug|ARM64
		{E736E6B9-3CF1-4FFB-9054-57873C199BDF}.Debug|ARM64.Deploy.0 = Debug|ARM64
		{E736E6B9-3CF1-4FFB-9054-57873C199BDF}.Release|Win32.ActiveCfg = Release|Win32
		{E736E6B9-3CF1-4FFB-9054-57873C199BDF}.Release|Win32.Build.0 = Release|Win32
		{E736E6B9-3CF1-4FFB-9054-57873C199BDF}.Release|Win32.Deploy.0 = Release|Win32
		{E736E6B9-3CF1-4FFB-9054-57873C199BDF}.Release|x64.ActiveCfg = Release|x64
		{E736E6B9-3CF1-4FFB-9054-57873C199BDF}.Release|x64.Build.0 = Release|x64
		{E736E6B9-3CF1-4FFB-9054-57873C199BDF}.Release|x64.Deploy.0 = Release|x64
		{E736E6B9-3CF1-4FFB-9054-57873C199BDF}.Release|ARM64.ActiveCfg = Release|ARM64
		{E736E6B9-3CF1-4FFB-9054-57873C199BDF}.Release|ARM64.Build.0 = Release|ARM64
		{E736E6B9-3CF1-4FFB-9054-57873C199BDF}.Release|ARM64.Deploy.0 = Release|ARM64
		{53ABBEF5-24C9-4BAA-A9F4-A0CBF877A0BA}.Debug|Win32.ActiveCfg = Debug|Win32
		{53ABBEF5-24C9-4BAA-A9F4-A0CBF877A0BA}.Debug|Win32.Build.0 = Debug|Win32
		{53ABBEF5-24C9-4BAA-A9F4-A0CBF877A0BA}.Debug|Win32.Deploy.0 = Debug|Win32
		{53ABBEF5-24C9-4BAA-A9F4-A0CBF877A0BA}.Debug|x64.ActiveCfg = Debug|x64
		{53ABBEF5-24C9-4BAA-A9F4-A0CBF877A0BA}.Debug|x64.Build.0 = Debug|x64
		{53ABBEF5-24C9-4BAA-A9F4-A0CBF877A0BA}.Debug|x64.Deploy.0 = Debug|x64
		{53ABBEF5-24C9-4BAA-A9F4-A0CBF877A0BA}.Debug|ARM64.ActiveCfg = Debug|ARM64
		{53ABBEF5-24C9-4BAA-A9F4-A0CBF877A0BA}.Debug|ARM64.Build.0 = Debug|ARM64
		{53ABBEF5-24C9-4BAA-A9F4-A0CBF877A0BA}.Debug|ARM64.Deploy.0 = Debug|ARM64
		{53ABBEF5-24C9-4BAA-A9F4-A0CBF877A0BA}.Release|Win32.ActiveCfg = Release|Win32
		{53ABBEF5-24C9-4BAA-A9F4-A0CBF877A0BA}.Release|Win32.Build.0 = Release|Win32
		{53ABBEF5-24C9-4BAA-A9F4-A0CBF877A0BA}.Release|Win32.Deploy.0 = Release|Win32
		{53ABBEF5-24C9-4BAA-A9F4-A0CBF877A0BA}.Release|x64.ActiveCfg = Release|x64
		{53ABBEF5-24C9-4BAA-A9F4-A0CBF877A0BA}.Release|x64.Build.0 = Release|x64
		{53ABBEF5-24C9-4BAA-A9F4-A0CBF877A0BA}.Release|x64.Deploy.0 = Release|x64
		{53ABBEF5-24C9-4BAA-A9F4-A0CBF877A0BA}.Release|ARM64.ActiveCfg = Release|ARM64
		{53ABBEF5-24C9-4BAA-A9F4-A0CBF877A0BA}.Release|ARM64.Build.0 = Release|ARM64
		{53ABBEF5-24C9-4BAA-A9F4-A0CBF877A0BA}.Release|ARM64.Deploy.0 = Release|ARM64
		{4872FE80-47B2-4EA6-B192-41EC012879EF}.Debug|Win32.ActiveCfg = Debug|Win32
		{4872FE80-47B2-4EA6-B192-41EC012879EF}.Debug|Win32.Build.0 = Debug|Win32
		{4872FE80-47B2-4EA6-B192-41EC012879EF}.Debug|Win32.Deploy.0 = Debug|Win32
		{4872FE80-47B2-4EA6-B192-41EC012879EF}.Debug|x64.ActiveCfg = Debug|x64
		{4872FE80-47B2-4EA6-B192-41EC012879EF}.Debug|x64.Build.0 = Debug|x64
		{4872FE80-47B2-4EA6-B192-41EC012879EF}.Debug|x64.Deploy.0 = Debug|x64
		{4872FE80-47B2-4EA6-B192-41EC012879EF}.Debug|ARM64.ActiveCfg = Debug|ARM64
		{4872FE80-47B2-4EA6-B192-41EC012879EF}.Debug|ARM64.Build.0 = Debug|ARM64
		{4872FE80-47B2-4EA6-B192-41EC012879EF}.Debug|ARM64.Deploy.0 = Debug|ARM64
		{4872FE80-47B2-4EA6-B192-41EC012879EF}.Release|Win32.ActiveCfg = Release|Win32
		{4872FE80-47B2-4EA6-B192-41EC012879EF}.Release|Win32.Build.0 = Release|Win32
		{4872FE80-47B2-4EA6-B192-41EC012879EF}.Release|Win32.Deploy.0 = Release|Win32
		{4872FE80-47B2-4EA6-B192-41EC012879EF}.Release|x64.ActiveCfg = Release|x64
		{4872FE80-47B2-4EA6-B192-41EC012879EF}.Release|x64.Build.0 = Release|x64
		{4872FE80-47B2-4EA6-B192-41EC012879EF}.Release|x64.Deploy.0 = Release|x64
		{4872FE80-47B2-4EA6-B192-41EC012879EF}.Release|ARM64.ActiveCfg = Release|ARM64
		{4872FE80-47B2-4EA6-B192-41EC012879EF}.Release|ARM64.Build.0 = Release|ARM64
		{4872FE80-47B2-4EA6-B192-41EC012879EF}.Release|ARM64.Deploy.0 = Release|ARM64
		{5E242E37-9255-4C4E-90B4-44212369EF11}.Debug|Win32.ActiveCfg = Debug|Win32
		{5E242E37-9255-4C4E-90B4-44212369EF11}.Debug|Win32.Build.0 = Debug|Win32
		{5E242E37-9255-4C4E-90B4-44212369EF11}.Debug|Win32.Deploy.0 = Debug|Win32
		{5E242E37-9255-4C4E-90B4-44212369EF11}.Debug|x64.ActiveCfg = Debug|x64
		{5E242E37-9255-4C4E-90B4-44212369EF11}.Debug|x64.Build.0 = Debug|x64
		{5E242E37-9255-4C4E-90B4-44212369EF11}.Debug|x64.Deploy.0 = Debug|x64
		{5E242E37-9255-4C4E-90B4-44212369EF11}.Debug|ARM64.ActiveCfg = Debug|ARM64
		{5E242E37-9255-4C4E-90B4-44212369EF11}.Debug|ARM64.Build.0 = Debug|ARM64
		{5E242E37-9255-4C4E-90B4-44212369EF11}.Debug|ARM64.Deploy.0 = Debug|ARM64
		{5E242E37-9255-4C4E-90B4-44212369EF11}.Release|Win32.ActiveCfg = Release|Win32
		{5E242E37-9255-4C4E-90B4-44212369EF11}.Release|Win32.Build.0 = Release|Win32
		{5E242E37-9255-4C4E-90B4-44212369EF11}.Release|Win32.Deploy.0 = Release|Win32
		{5E242E37-9255-4C4E-90B4-44212369EF11}.Release|x64.ActiveCfg = Release|x64
		{5E242E37-9255-4C4E-90B4-44212369EF11}.Release|x64.Build.0 = Release|x64
		{5E242E37-9255-4C4E-90B4-44212369EF11}.Release|x64.Deploy.0 = Release|x64
		{5E242E37-9255-4C4E-90B4-44212369EF11}.Release|ARM64.ActiveCfg = Release|ARM64
		{5E242E37-9255-4C4E-90B4-44212369EF11}.Release|ARM64.Build.0 = Release|ARM64
		{5E242E37-9255-4C4E-90B4-44212369EF11}.Release|ARM64.Deploy.0 = Release|ARM64
		{31BBDF1F-803B-41A3-96AA-8E7D6FE23AD4}.Debug|Win32.ActiveCfg = Debug|Win32
		{31BBDF1F-803B-41A3-96AA-8E7D6FE23AD4}.Debug|Win32.Build.0 = Debug|Win32
		{31BBDF1F-803B-41A3-96AA-8E7D6FE23AD4}.Debug|Win32.Deploy.0 = Debug|Win32
		{31BBDF1F-803B-41A3-96AA-8E7D6FE23AD4}.Debug|x64.ActiveCfg = Debug|x64
		{31BBDF1F-803B-41A3-96AA-8E7D6FE23AD4}.Debug|x64.Build.0 = Debug|x64
		{31BBDF1F-803B-41A3-96AA-8E7D6FE23AD4}.Debug|x64.Deploy.0 = Debug|x64
		{31BBDF1F-803B-41A3-96AA-8E7D6FE23AD4}.Debug|ARM64.ActiveCfg = Debug|ARM64
		{31BBDF1F-803B-41A3-96AA-8E7D6FE23AD4}.Debug|ARM64.Build.0 = Debug|ARM64
		{31BBDF1F-803B-41A3-96AA-8E7D6FE23AD4}.Debug|ARM64.Deploy.0 = Debug|ARM64
		{31BBDF1F-803B-41A3-96AA-8E7D6FE23AD4}.Release|Win32.ActiveCfg = Release|Win32
		{31BBDF1F-803B-41A3-96AA-8E7D6FE23AD4}.Release|Win32.Build.0 = Release|Win32
		{31BBDF1F-803B-41A3-96AA-8E7D6FE23AD4}.Release|Win32.Deploy.0 = Release|Win32
		{31BBDF1F-803B-41A3-96AA-8E7D6FE23AD4}.Release|x64.ActiveCfg = Release|x64
		{31BBDF1F-803B-41A3-96AA-8E7D6FE23AD4}.Release|x64.Build.0 = Release|x64
		{31BBDF1F-803B-41A3-96AA-8E7D6FE23AD4}.Release|x64.Deploy.0 = Release|x64
		{31BBDF1F-803B-41A3-96AA-8E7D6FE23AD4}.Release|ARM64.ActiveCfg = Release|ARM64
		{31BBDF1F-803B-41A3-96AA-8E7D6FE23AD4}.Release|ARM64.Build.0 = Release|ARM64
		{31BBDF1F-803B-41A3-96AA-8E7D6FE23AD4}.Release|ARM64.Deploy.0 = Release|ARM64
		{5F662312-F0DE-445E-A1E9-36FE460EF013}.Debug|Win32.ActiveCfg = Debug|Win32
		{5F662312-F0DE-445E-A1E9-36FE460EF013}.Debug|Win32.Build.0 = Debug|Win32
		{5F662312-F0DE-445E-A1E9-36FE460EF013}.Debug|Win32.Deploy.0 = Debug|Win32
		{5F662312-F0DE-445E-A1E9-36FE460EF013}.Debug|x64.ActiveCfg = Debug|x64
		{5F662312-F0DE-445E-A1E9-36FE460EF013}.Debug|x64.Build.0 = Debug|x64
		{5F662312-F0DE-445E-A1E9-36FE460EF013}.Debug|x64.Deploy.0 = Debug|x64
		{5F662312-F0DE-445E-A1E9-36FE460EF013}.Debug|ARM64.ActiveCfg = Debug|ARM64
		{5F662312-F0DE-445E-A1E9-36FE460EF013}.Debug|ARM64.Build.0 = Debug|ARM64
		{5F662312-F0DE-445E-A1E9-36FE460EF013}.Debug|ARM64.Deploy.0 = Debug|ARM64
		{5F662312-F0DE-445E-A1E9-36FE460EF013}.Release|Win32.ActiveCfg = Release|Win32
		{5F662312-F0DE-445E-A1E9-36FE460EF013}.Release|Win32.Build.0 = Release|Win32
		{5F662312-F0DE-445E-A1E9-36FE460EF013}.Release|Win32.Deploy.0 = Release|Win32
		{5F662312-F0DE-445E-A1E9-36FE460EF013}.Release|x64.ActiveCfg = Release|x64
		{5F662312-F0DE-445E-A1E9-36FE460EF013}.Release|x64.Build.0 = Release|x64
		{5F662312-F0DE-445E-A1E9-36FE460EF013}.Release|x64.Deploy.0 = Release|x64
		{5F662312-F0DE-445E-A1E9-36FE460EF013}.Release|ARM64.ActiveCfg = Release|ARM64
		{5F662312-F0DE-445E-A1E9-36FE460EF013}.Release|ARM64.Build.0 = Release|ARM64
		{5F662312-F0DE-445E-A1E9-36FE460EF013}.Release|ARM64.Deploy.0 = Release|ARM64
		{9E26EA05-222B-4B32-9A24-E93124525EDF}.Debug|Win32.ActiveCfg = Debug|Win32
		{9E26EA05-222B-4B32-9A24-E93124525EDF}.Debug|Win32.Build.0 = Debug|Win32
		{9E26EA05-222B-4B32-9A24-E93124525EDF}.Debug|Win32.Deploy.0 = Debug|Win32
		{9E26EA05-222B-4B32-9A24-E93124525EDF}.Debug|x64.ActiveCfg = Debug|x64
		{9E26EA05-222B-4B32-9A24-E93124525EDF}.Debug|x64.Build.0 = Debug|x64
		{9E26EA05-222B-4B32-9A24-E93124525EDF}.Debug|x64.Deploy.0 = Debug|x64
		{9E26EA05-222B-4B32-9A24-E93124525EDF}.Debug|ARM64.ActiveCfg = Debug|ARM64
		{9E26EA05-222B-4B32-9A24-E93124525EDF}.Debug|ARM64.Build.0 = Debug|ARM64
		{9E26EA05-222B-4B32-9A24-E93124525EDF}.Debug|ARM64.Deploy.0 = Debug|ARM64
		{9E26EA05-222B-4B32-9A24-E93124525EDF}.Release|Win32.ActiveCfg = Release|Win32
		{9E26EA05-222B-4B32-9A24-E93124525EDF}.Release|Win32.Build.0 = Release|Win32
		{9E26EA05-222B-4B32-9A24-E93124525EDF}.Release|Win32.Deploy.0 = Release|Win32
		{9E26EA05-222B-4B32-9A24-E93124525EDF}.Release|x64.ActiveCfg = Release|x64
		{9E26EA05-222B-4B32-9A24-E93124525EDF}.Release|x64.Build.0 = Release|x64
		{9E26EA05-222B-4B32-9A24-E93124525EDF}.Release|x64.Deploy.0 = Release|x64
		{9E26EA05-222B-4B32-9A24-E93124525EDF}.Release|ARM64.ActiveCfg = Release|ARM64
		{9E26EA05-222B-4B32-9A24-E93124525EDF}.Release|ARM64.Build.0 = Release|ARM64
		{9E26EA05-222B-4B32-9A24-E93124525EDF}.Release|ARM64.Deploy.0 = Release|ARM64
		{A18AF9DF-714C-4141-A0C4-1D04A0A6BF23}.Debug|Win32.ActiveCfg = Debug|Win32
		{A18AF9DF-714C-4141-A0C4-1D04A0A6BF23}.Debug|Win32.Build.0 = Debug|Win32
		{A18AF9DF-714C-4141-A0C4-1D04A0A6BF23}.Debug|Win32.Deploy.0 = Debug|Win32
		{A18AF9DF-714C-4141-A0C4-1D04A0A6BF23}.Debug|x64.ActiveCfg = Debug|x64
		{A18AF9DF-714C-4141-A0C4-1D04A0A6BF23}.Debug|x64.Build.0 = Debug|x64
		{A18AF9DF-714C-4141-A0C4-1D04A0A6BF23}.Debug|x64.Deploy.0 = Debug|x64
		{A18AF9DF-714C-4141-A0C4-1D04A0A6BF23}.Debug|ARM64.ActiveCfg = Debug|ARM64
		{A18AF9DF-714C-4141-A0C4-1D04A0A6BF23}.Debug|ARM64.Build.0 = Debug|ARM64
		{A18AF9DF-714C-4141-A0C4-1D04A0A6BF23}.Debug|ARM64.Deploy.0 = Debug|ARM64
		{A18AF9DF-714C-4141-A0C4-1D04A0A6BF23}.Release|Win32.ActiveCfg = Release|Win32
		{A18AF9DF-714C-4141-A0C4-1D04A0A6BF23}.Release|Win32.Build.0 = Release|Win32
		{A18AF9DF-714C-4141-A0C4-1D04A0A6BF23}.Release|Win32.Deploy.0 = Release|Win32
		{A18AF9DF-714C-4141-A0C4-1D04A0A6BF23}.Release|x64.ActiveCfg = Release|x64
		{A18AF9DF-714C-4141-A0C4-1D04A0A6BF23}.Release|x64.Build.0 = Release|x64
		{A18AF9DF-714C-4141-A0C4-1D04A0A6BF23}.Release|x64.Deploy.0 = Release|x64
		{A18AF9DF-714C-4141-A0C4-1D04A0A6BF23}.Release|ARM64.ActiveCfg = Release|ARM64
		{A18AF9DF-714C-4141-A0C4-1D04A0A6BF23}.Release|ARM64.Build.0 = Release|ARM64
		{A18AF9DF-714C-4141-A0C4-1D04A0A6BF23}.Release|ARM64.Deploy.0 = Release|ARM64
		{509963EC-F8D4-4397-BCC6-D5DC0C534615}.Debug|Win32.ActiveCfg = Debug|Win32
		{509963EC-F8D4-4397-BCC6-D5DC0C534615}.Debug|Win32.Build.0 = Debug|Win32
		{509963EC-F8D4-4397-BCC6-D5DC0C534615}.Debug|Win32.Deploy.0 = Debug|Win32
		{509963EC-F8D4-4397-BCC6-D5DC0C534615}.Debug|x64.ActiveCfg = Debug|x64
		{509963EC-F8D4-4397-BCC6-D5DC0C534615}.Debug|x64.Build.0 = Debug|x64
		{509963EC-F8D4-4397-BCC6-D5DC0C534615}.Debug|x64.Deploy.0 = Debug|x64
		{509963EC-F8D4-4397-BCC6-D5DC0C534615}.Debug|ARM64.ActiveCfg = Debug|ARM64
		{509963EC-F8D4-4397-BCC6-D5DC0C534615}.Debug|ARM64.Build.0 = Debug|ARM64
		{509963EC-F8D4-4397-BCC6-D5DC0C534615}.Debug|ARM64.Deploy.0 = Debug|ARM64
		{509963EC-F8D4-4397-BCC6-D5DC0C534615}.Release|Win32.ActiveCfg = Release|Win32
		{509963EC-F8D4-4397-BCC6-D5DC0C534615}.Release|Win32.Build.0 = Release|Win32
		{509963EC-F8D4-4397-BCC6-D5DC0C534615}.Release|Win32.Deploy.0 = Release|Win32
		{509963EC-F8D4-4397-BCC6-D5DC0C534615}.Release|x64.ActiveCfg = Release|x64
		{509963EC-F8D4-4397-BCC6-D5DC0C534615}.Release|x64.Build.0 = Release|x64
		{509963EC-F8D4-4397-BCC6-D5DC0C534615}.Release|x64.Deploy.0 = Release|x64
		{509963EC-F8D4-4397-BCC6-D5DC0C534615}.Release|ARM64.ActiveCfg = Release|ARM64
		{509963EC-F8D4-4397-BCC6-D5DC0C534615}.Release|ARM64.Build.0 = Release|ARM64
		{509963EC-F8D4-4397-BCC6-D5DC0C534615}.Release|ARM64.Deploy.0 = Release|ARM64
		{45B270ED-2255-43E5-BE9A-C73F464308C5}.Debug|Win32.ActiveCfg = Debug|Win32
		{45B270ED-2255-43E5-BE9A-C73F464308C5}.Debug|Win32.Build.0 = Debug|Win32
		{45B270ED-2255-43E5-BE9A-C73F464308C5}.Debug|Win32.Deploy.0 = Debug|Win32
		{45B270ED-2255-43E5-BE9A-C73F464308C5}.Debug|x64.ActiveCfg = Debug|x64
		{45B270ED-2255-43E5-BE9A-C73F464308C5}.Debug|x64.Build.0 = Debug|x64
		{45B270ED-2255-43E5-BE9A-C73F464308C5}.Debug|x64.Deploy.0 = Debug|x64
		{45B270ED-2255-43E5-BE9A-C73F464308C5}.Debug|ARM64.ActiveCfg = Debug|ARM64
		{45B270ED-2255-43E5-BE9A-C73F464308C5}.Debug|ARM64.Build.0 = Debug|ARM64
		{45B270ED-2255-43E5-BE9A-C73F464308C5}.Debug|ARM64.Deploy.0 = Debug|ARM64
		{45B270ED-2255-43E5-BE9A-C73F464308C5}.Release|Win32.ActiveCfg = Release|Win32
		{45B270ED-2255-43E5-BE9A-C73F464308C5}.Release|Win32.Build.0 = Release|Win32
		{45B270ED-2255-43E5-BE9A-C73F464308C5}.Release|Win32.Deploy.0 = Release|Win32
		{45B270ED-2255-43E5-BE9A-C73F464308C5}.Release|x64.ActiveCfg = Release|x64
		{45B270ED-2255-43E5-BE9A-C73F464308C5}.Release|x64.Build.0 = Release|x64
		{45B270ED-2255-43E5-BE9A-C73F464308C5}.Release|x64.Deploy.0 = Release|x64
		{45B270ED-2255-43E5-BE9A-C73F464308C5}.Release|ARM64.ActiveCfg = Release|ARM64
		{45B270ED-2255-43E5-BE9A-C73F464308C5}.Release|ARM64.Build.0 = Release|ARM64
		{45B270ED-2255-43E5-BE9A-C73F464308C5}.Release|ARM64.Deploy.0 = Release|ARM64
		{C1604A1E-531D-45E6-8FBD-FEBEB2DB9F72}.Debug|Win32.ActiveCfg = Debug|Win32
		{C1604A1E-531D-45E6-8FBD-FEBEB2DB9F72}.Debug|Win32.Build.0 = Debug|Win32
		{C1604A1E-531D-45E6-8FBD-FEBEB2DB9F72}.Debug|Win32.Deploy.0 = Debug|Win32
		{C1604A1E-531D-45E6-8FBD-FEBEB2DB9F72}.Debug|x64.ActiveCfg = Debug|x64
		{C1604A1E-531D-45E6-8FBD-FEBEB2DB9F72}.Debug|x64.Build.0 = Debug|x64
		{C1604A1E-531D-45E6-8FBD-FEBEB2DB9F72}.Debug|x64.Deploy.0 = Debug|x64
		{C1604A1E-531D-45E6-8FBD-FEBEB2DB9F72}.Debug|ARM64.ActiveCfg = Debug|ARM64
		{C1604A1E-531D-45E6-8FBD-FEBEB2DB9F72}.Debug|ARM64.Build.0 = Debug|ARM64
		{C1604A1E-531D-45E6-8FBD-FEBEB2DB9F72}.Debug|ARM64.Deploy.0 = Debug|ARM64
		{C1604A1E-531D-45E6-8FBD-FEBEB2DB9F72}.Release|Win32.ActiveCfg = Release|Win32
		{C1604A1E-531D-45E6-8FBD-FEBEB2DB9F72}.Release|Win32.Build.0 = Release|Win32
		{C1604A1E-531D-45E6-8FBD-FEBEB2DB9F72}.Release|Win32.Deploy.0 = Release|Win32
		{C1604A1E-531D-45E6-8FBD-FEBEB2DB9F72}.Release|x64.ActiveCfg = Release|x64
		{C1604A1E-531D-45E6-8FBD-FEBEB2DB9F72}.Release|x64.Build.0 = Release|x64
		{C1604A1E-531D-45E6-8FBD-FEBEB2DB9F72}.Release|x64.Deploy.0 = Release|x64
		{C1604A1E-531D-45E6-8FBD-FEBEB2DB9F72}.Release|ARM64.ActiveCfg = Release|ARM64
		{C1604A1E-531D-45E6-8FBD-FEBEB2DB9F72}.Release|ARM64.Build.0 = Release|ARM64
		{C1604A1E-531D-45E6-8FBD-FEBEB2DB9F72}.Release|ARM64.Deploy.0 = Release|ARM64
		{FC4F6E9A-4AD4-4333-8867-DDA010F2802E}.Debug|Win32.ActiveCfg = Debug|Win32
		{FC4F6E9A-4AD4-4333-8867-DDA010F2802E}.Debug|Win32.Build.0 = Debug|Win32
		{FC4F6E9A-4AD4-4333-8867-DDA010F2802E}.Debug|Win32.Deploy.0 = Debug|Win32
		{FC4F6E9A-4AD4-4333-8867-DDA010F2802E}.Debug|x64.ActiveCfg = Debug|x64
		{FC4F6E9A-4AD4-4333-8867-DDA010F2802E}.Debug|x64.Build.0 = Debug|x64
		{FC4F6E9A-4AD4-4333-8867-DDA010F2802E}.Debug|x64.Deploy.0 = Debug|x64
		{FC4F6E9A-4AD4-4333-8867-DDA010F2802E}.Debug|ARM64.ActiveCfg = Debug|ARM64
		{FC4F6E9A-4AD4-4333-8867-DDA010F2802E}.Debug|ARM64.Build.0 = Debug|ARM64
		{FC4F6E9A-4AD4-4333-8867-DDA010F2802E}.Debug|ARM64.Deploy.0 = Debug|ARM64
		{FC4F6E9A-4AD4-4333-8867-DDA010F2802E}.Release|Win32.ActiveCfg = Release|Win32
		{FC4F6E9A-4AD4-4333-8867-DDA010F2802E}.Release|Win32.Build.0 = Release|Win32
		{FC4F6E9A-4AD4-4333-8867-DDA010F2802E}.Release|Win32.Deploy.0 = Release|Win32
		{FC4F6E9A-4AD4-4333-8867-DDA010F2802E}.Release|x64.ActiveCfg = Release|x64
		{FC4F6E9A-4AD4-4333-8867-DDA010F2802E}.Release|x64.Build.0 = Release|x64
		{FC4F6E9A-4AD4-4333-8867-DDA010F2802E}.Release|x64.Deploy.0 = Release|x64
		{FC4F6E9A-4AD4-4333-8867-DDA010F2802E}.Release|ARM64.ActiveCfg = Release|ARM64
		{FC4F6E9A-4AD4-4333-8867-DDA010F2802E}.Release|ARM64.Build.0 = Release|ARM64
		{FC4F6E9A-4AD4-4333-8867-DDA010F2802E}.Release|ARM64.Deploy.0 = Release|ARM64
		{AF660F9F-01DB-44EF-BB86-6A1F71089871}.Debug|Win32.ActiveCfg = Debug|Win32
		{AF660F9F-01DB-44EF-BB86-6A1F71089871}.Debug|Win32.Build.0 = Debug|Win32
		{AF660F9F-01DB-44EF-BB86-6A1F71089871}.Debug|Win32.Deploy.0 = Debug|Win32
		{AF660F9F-01DB-44EF-BB86-6A1F71089871}.Debug|x64.ActiveCfg = Debug|x64
		{AF660F9F-01DB-44EF-BB86-6A1F71089871}.Debug|x64.Build.0 = Debug|x64
		{AF660F9F-01DB-44EF-BB86-6A1F71089871}.Debug|x64.Deploy.0 = Debug|x64
		{AF660F9F-01DB-44EF-BB86-6A1F71089871}.Debug|ARM64.ActiveCfg = Debug|ARM64
		{AF660F9F-01DB-44EF-BB86-6A1F71089871}.Debug|ARM64.Build.0 = Debug|ARM64
		{AF660F9F-01DB-44EF-BB86-6A1F71089871}.Debug|ARM64.Deploy.0 = Debug|ARM64
		{AF660F9F-01DB-44EF-BB86-6A1F71089871}.Release|Win32.ActiveCfg = Release|Win32
		{AF660F9F-01DB-44EF-BB86-6A1F71089871}.Release|Win32.Build.0 = Release|Win32
		{AF660F9F-01DB-44EF-BB86-6A1F71089871}.Release|Win32.Deploy.0 = Release|Win32
		{AF660F9F-01DB-44EF-BB86-6A1F71089871}.Release|x64.ActiveCfg = Release|x64
		{AF660F9F-01DB-44EF-BB86-6A1F71089871}.Release|x64.Build.0 = Release|x64
		{AF660F9F-01DB-44EF-BB86-6A1F71089871}.Release|x64.Deploy.0 = Release|x64
		{AF660F9F-01DB-44EF-BB86-6A1F71089871}.Release|ARM64.ActiveCfg = Release|ARM64
		{AF660F9F-01DB-44EF-BB86-6A1F71089871}.Release|ARM64.Build.0 = Release|ARM64
		{AF660F9F-01DB-44EF-BB86-6A1F71089871}.Release|ARM64.Deploy.0 = Release|ARM64
		{119B1169-B56A-420B-88E2-BBF7FC38086A}.Debug|Win32.ActiveCfg = Debug|Win32
		{119B1169-B56A-420B-88E2-BBF7FC38086A}.Debug|Win32.Build.0 = Debug|Win32
		{119B1169-B56A-420B-88E2-BBF7FC38086A}.Debug|Win32.Deploy.0 = Debug|Win32
		{119B1169-B56A-420B-88E2-BBF7FC38086A}.Debug|x64.ActiveCfg = Debug|x64
		{119B1169-B56A-420B-88E2-BBF7FC38086A}.Debug|x64.Build.0 = Debug|x64
		{119B1169-B56A-420B-88E2-BBF7FC38086A}.Debug|x64.Deploy.0 = Debug|x64
		{119B1169-B56A-420B-88E2-BBF7FC38086A}.Debug|ARM64.ActiveCfg = Debug|ARM64
		{119B1169-B56A-420B-88E2-BBF7FC38086A}.Debug|ARM64.Build.0 = Debug|ARM64
		{119B1169-B56A-420B-88E2-BBF7FC38086A}.Debug|ARM64.Deploy.0 = Debug|ARM64
		{119B1169-B56A-420B-88E2-BBF7FC38086A}.Release|Win32.ActiveCfg = Release|Win32
		{119B1169-B56A-420B-88E2-BBF7FC38086A}.Release|Win32.Build.0 = Release|Win32
		{119B1169-B56A-420B-88E2-BBF7FC38086A}.Release|Win32.Deploy.0 = Release|Win32
		{119B1169-B56A-420B-88E2-BBF7FC38086A}.Release|x64.ActiveCfg = Release|x64
		{119B1169-B56A-420B-88E2-BBF7FC38086A}.Release|x64.Build.0 = Release|x64
		{119B1169-B56A-420B-88E2-BBF7FC38086A}.Release|x64.Deploy.0 = Release|x64
		{119B1169-B56A-420B-88E2-BBF7FC38086A}.Release|ARM64.ActiveCfg = Release|ARM64
		{119B1169-B56A-420B-88E2-BBF7FC38086A}.Release|ARM64.Build.0 = Release|ARM64
		{119B1169-B56A-420B-88E2-BBF7FC38086A}.Release|ARM64.Deploy.0 = Release|ARM64
		{1F3AB80B-8C13-40C9-A326-21D28C5E2F84}.Debug|Win32.ActiveCfg = Debug|Win32
		{1F3AB80B-8C13-40C9-A326-21D28C5E2F84}.Debug|Win32.Build.0 = Debug|Win32
		{1F3AB80B-8C13-40C9-A326-21D28C5E2F84}.Debug|Win32.Deploy.0 = Debug|Win32
		{1F3AB80B-8C13-40C9-A326-21D28C5E2F84}.Debug|x64.ActiveCfg = Debug|x64
		{1F3AB80B-8C13-40C9-A326-21D28C5E2F84}.Debug|x64.Build.0 = Debug|x64
		{1F3AB80B-8C13-40C9-A326-21D28C5E2F84}.Debug|x64.Deploy.0 = Debug|x64
		{1F3AB80B-8C13-40C9-A326-21D28C5E2F84}.Debug|ARM64.ActiveCfg = Debug|ARM64
		{1F3AB80B-8C13-40C9-A326-21D28C5E2F84}.Debug|ARM64.Build.0 = Debug|ARM64
		{1F3AB80B-8C13-40C9-A326-21D28C5E2F84}.Debug|ARM64.Deploy.0 = Debug|ARM64
		{1F3AB80B-8C13-40C9-A326-21D28C5E2F84}.Release|Win32.ActiveCfg = Release|Win32
		{1F3AB80B-8C13-40C9-A326-21D28C5E2F84}.Release|Win32.Build.0 = Release|Win32
		{1F3AB80B-8C13-40C9-A326-21D28C5E2F84}.Release|Win32.Deploy.0 = Release|Win32
		{1F3AB80B-8C13-40C9-A326-21D28C5E2F84}.Release|x64.ActiveCfg = Release|x64
		{1F3AB80B-8C13-40C9-A326-21D28C5E2F84}.Release|x64.Build.0 = Release|x64
		{1F3AB80B-8C13-40C9-A326-21D28C5E2F84}.Release|x64.Deploy.0 = Release|x64
		{1F3AB80B-8C13-40C9-A326-21D28C5E2F84}.Release|ARM64.ActiveCfg = Release|ARM64
		{1F3AB80B-8C13-40C9-A326-21D28C5E2F84}.Release|ARM64.Build.0 = Release|ARM64
		{1F3AB80B-8C13-40C9-A326-21D28C5E2F84}.Release|ARM64.Deploy.0 = Release|ARM64
		{79276EC2-4D2C-40BE-B460-4FD604036A50}.Debug|Win32.ActiveCfg = Debug|Win32
		{79276EC2-4D2C-40BE-B460-4FD604036A50}.Debug|Win32.Build.0 = Debug|Win32
		{79276EC2-4D2C-40BE-B460-4FD604036A50}.Debug|Win32.Deploy.0 = Debug|Win32
		{79276EC2-4D2C-40BE-B460-4FD604036A50}.Debug|x64.ActiveCfg = Debug|x64
		{79276EC2-4D2C-40BE-B460-4FD604036A50}.Debug|x64.Build.0 = Debug|x64
		{79276EC2-4D2C-40BE-B460-4FD604036A50}.Debug|x64.Deploy.0 = Debug|x64
		{79276EC2-4D2C-40BE-B460-4FD604036A50}.Debug|ARM64.ActiveCfg = Debug|ARM64
		{79276EC2-4D2C-40BE-B460-4FD604036A50}.Debug|ARM64.Build.0 = Debug|ARM64
		{79276EC2-4D2C-40BE-B460-4FD604036A50}.Debug|ARM64.Deploy.0 = Debug|ARM64
		{79276EC2-4D2C-40BE-B460-4FD604036A50}.Release|Win32.ActiveCfg = Release|Win32
		{79276EC2-4D2C-40BE-B460-4FD604036A50}.Release|Win32.Build.0 = Release|Win32
		{79276EC2-4D2C-40BE-B460-4FD604036A50}.Release|Win32.Deploy.0 = Release|Win32
		{79276EC2-4D2C-40BE-B460-4FD604036A50}.Release|x64.ActiveCfg = Release|x64
		{79276EC2-4D2C-40BE-B460-4FD604036A50}.Release|x64.Build.0 = Release|x64
		{79276EC2-4D2C-40BE-B460-4FD604036A50}.Release|x64.Deploy.0 = Release|x64
		{79276EC2-4D2C-40BE-B460-4FD604036A50}.Release|ARM64.ActiveCfg = Release|ARM64
		{79276EC2-4D2C-40BE-B460-4FD604036A50}.Release|ARM64.Build.0 = Release|ARM64
		{79276EC2-4D2C-40BE-B460-4FD604036A50}.Release|ARM64.Deploy.0 = Release|ARM64
		{C31D62BA-C0D5-45C5-8C3C-84AF8AE2587E}.Debug|Win32.ActiveCfg = Debug|Win32
		{C31D62BA-C0D5-45C5-8C3C-84AF8AE2587E}.Debug|Win32.Build.0 = Debug|Win32
		{C31D62BA-C0D5-45C5-8C3C-84AF8AE2587E}.Debug|Win32.Deploy.0 = Debug|Win32
		{C31D62BA-C0D5-45C5-8C3C-84AF8AE2587E}.Debug|x64.ActiveCfg = Debug|x64
		{C31D62BA-C0D5-45C5-8C3C-84AF8AE2587E}.Debug|x64.Build.0 = Debug|x64
		{C31D62BA-C0D5-45C5-8C3C-84AF8AE2587E}.Debug|x64.Deploy.0 = Debug|x64
		{C31D62BA-C0D5-45C5-8C3C-84AF8AE2587E}.Debug|ARM64.ActiveCfg = Debug|ARM64
		{C31D62BA-C0D5-45C5-8C3C-84AF8AE2587E}.Debug|ARM64.Build.0 = Debug|ARM64
		{C31D62BA-C0D5-45C5-8C3C-84AF8AE2587E}.Debug|ARM64.Deploy.0 = Debug|ARM64
		{C31D62BA-C0D5-45C5-8C3C-84AF8AE2587E}.Release|Win32.ActiveCfg = Release|Win32
		{C31D62BA-C0D5-45C5-8C3C-84AF8AE2587E}.Release|Win32.Build.0 = Release|Win32
		{C31D62BA-C0D5-45C5-8C3C-84AF8AE2587E}.Release|Win32.Deploy.0 = Release|Win32
		{C31D62BA-C0D5-45C5-8C3C-84AF8AE2587E}.Release|x64.ActiveCfg = Release|x64
		{C31D62BA-C0D5-45C5-8C3C-84AF8AE2587E}.Release|x64.Build.0 = Release|x64
		{C31D62BA-C0D5-45C5-8C3C-84AF8AE2587E}.Release|x64.Deploy.0 = Release|x64
		{C31D62BA-C0D5-45C5-8C3C-84AF8AE2587E}.Release|ARM64.ActiveCfg = Release|ARM64
		{C31D62BA-C0D5-45C5-8C3C-84AF8AE2587E}.Release|ARM64.Build.0 = Release|ARM64
		{C31D62BA-C0D5-45C5-8C3C-84AF8AE2587E}.Release|ARM64.Deploy.0 = Release|ARM64
		{1975EA5E-3B1F-4709-B4B0-269037AEB9B1}.Debug|Win32.ActiveCfg = Debug|Win32
		{1975EA5E-3B1F-4709-B4B0-269037AEB9B1}.Debug|Win32.Build.0 = Debug|Win32
		{1975EA5E-3B1F-4709-B4B0-269037AEB9B1}.Debug|Win32.Deploy.0 = Debug|Win32
		{1975EA5E-3B1F-4709-B4B0-269037AEB9B1}.Debug|x64.ActiveCfg = Debug|x64
		{1975EA5E-3B1F-4709-B4B0-269037AEB9B1}.Debug|x64.Build.0 = Debug|x64
		{1975EA5E-3B1F-4709-B4B0-269037AEB9B1}.Debug|x64.Deploy.0 = Debug|x64
		{1975EA5E-3B1F-4709-B4B0-269037AEB9B1}.Debug|ARM64.ActiveCfg = Debug|ARM64
		{1975EA5E-3B1F-4709-B4B0-269037AEB9B1}.Debug|ARM64.Build.0 = Debug|ARM64
		{1975EA5E-3B1F-4709-B4B0-269037AEB9B1}.Debug|ARM64.Deploy.0 = Debug|ARM64
		{1975EA5E-3B1F-4709-B4B0-269037AEB9B1}.Release|Win32.ActiveCfg = Release|Win32
		{1975EA5E-3B1F-4709-B4B0-269037AEB9B1}.Release|Win32.Build.0 = Release|Win32
		{1975EA5E-3B1F-4709-B4B0-269037AEB9B1}.Release|Win32.Deploy.0 = Release|Win32
		{1975EA5E-3B1F-4709-B4B0-269037AEB9B1}.Release|x64.ActiveCfg = Release|x64
		{1975EA5E-3B1F-4709-B4B0-269037AEB9B1}.Release|x64.Build.0 = Release|x64
		{1975EA5E-3B1F-4709-B4B0-269037AEB9B1}.Release|x64.Deploy.0 = Release|x64
		{1975EA5E-3B1F-4709-B4B0-269037AEB9B1}.Release|ARM64.ActiveCfg = Release|ARM64
		{1975EA5E-3B1F-4709-B4B0-269037AEB9B1}.Release|ARM64.Build.0 = Release|ARM64
		{1975EA5E-3B1F-4709-B4B0-269037AEB9B1}.Release|ARM64.Deploy.0 = Release|ARM64
	EndGlobalSection
	GlobalSection(SolutionProperties) = preSolution
		HideSolutionNode = FALSE
	EndGlobalSection
EndGlobal
